
Microsoft Visual Studio Solution File, Format Version 12.00
# Visual Studio 2012
Project("{FAE04EC0-301F-11D3-BF4B-00C04F79EFBC}") = "Pinboard.WP7", "Pinboard.WP7\Pinboard.WP7.csproj", "{2BE49840-2AC9-43FB-8EE5-85E062F4352E}"
EndProject
Project("{FAE04EC0-301F-11D3-BF4B-00C04F79EFBC}") = "Pinboard.WP7.UnitTest", "Pinboard.WP7.UnitTest\Pinboard.WP7.UnitTest.csproj", "{3393673A-27A0-457D-88AD-3695B736F622}"
EndProject
Global
	GlobalSection(SolutionConfigurationPlatforms) = preSolution
		Debug|Any CPU = Debug|Any CPU
		Release|Any CPU = Release|Any CPU
	EndGlobalSection
	GlobalSection(ProjectConfigurationPlatforms) = postSolution
		{2BE49840-2AC9-43FB-8EE5-85E062F4352E}.Debug|Any CPU.ActiveCfg = Debug|Any CPU
		{2BE49840-2AC9-43FB-8EE5-85E062F4352E}.Debug|Any CPU.Build.0 = Debug|Any CPU
		{2BE49840-2AC9-43FB-8EE5-85E062F4352E}.Debug|Any CPU.Deploy.0 = Debug|Any CPU
		{2BE49840-2AC9-43FB-8EE5-85E062F4352E}.Release|Any CPU.ActiveCfg = Release|Any CPU
		{2BE49840-2AC9-43FB-8EE5-85E062F4352E}.Release|Any CPU.Build.0 = Release|Any CPU
		{2BE49840-2AC9-43FB-8EE5-85E062F4352E}.Release|Any CPU.Deploy.0 = Release|Any CPU
		{3393673A-27A0-457D-88AD-3695B736F622}.Debug|Any CPU.ActiveCfg = Debug|Any CPU
		{3393673A-27A0-457D-88AD-3695B736F622}.Debug|Any CPU.Build.0 = Debug|Any CPU
		{3393673A-27A0-457D-88AD-3695B736F622}.Debug|Any CPU.Deploy.0 = Debug|Any CPU
		{3393673A-27A0-457D-88AD-3695B736F622}.Release|Any CPU.ActiveCfg = Release|Any CPU
		{3393673A-27A0-457D-88AD-3695B736F622}.Release|Any CPU.Build.0 = Release|Any CPU
		{3393673A-27A0-457D-88AD-3695B736F622}.Release|Any CPU.Deploy.0 = Release|Any CPU
	EndGlobalSection
	GlobalSection(SolutionProperties) = preSolution
		HideSolutionNode = FALSE
	EndGlobalSection
EndGlobal
